
Microsoft Visual Studio Solution File, Format Version 12.00
# Visual Studio Version 17
VisualStudioVersion = 17.2.32616.157
MinimumVisualStudioVersion = 10.0.40219.1
Project("{FAE04EC0-301F-11D3-BF4B-00C04F79EFBC}") = "EscapeFromIsleMeinak", "IslandJamGame\EscapeFromIsleMeinak.csproj", "{1FE70236-F7DF-455E-B929-BC150DA197A7}"
EndProject
Project("{FAE04EC0-301F-11D3-BF4B-00C04F79EFBC}") = "ScriptingTests", "ScriptingTests\ScriptingTests.csproj", "{3ED3A0E6-B27C-4547-AE5C-EB647B1BC311}"
EndProject
Global
	GlobalSection(SolutionConfigurationPlatforms) = preSolution
		Debug|Any CPU = Debug|Any CPU
		Release|Any CPU = Release|Any CPU
	EndGlobalSection
	GlobalSection(ProjectConfigurationPlatforms) = postSolution
		{1FE70236-F7DF-455E-B929-BC150DA197A7}.Debug|Any CPU.ActiveCfg = Debug|Any CPU
		{1FE70236-F7DF-455E-B929-BC150DA197A7}.Debug|Any CPU.Build.0 = Debug|Any CPU
		{1FE70236-F7DF-455E-B929-BC150DA197A7}.Release|Any CPU.ActiveCfg = Release|Any CPU
		{1FE70236-F7DF-455E-B929-BC150DA197A7}.Release|Any CPU.Build.0 = Release|Any CPU
		{3ED3A0E6-B27C-4547-AE5C-EB647B1BC311}.Debug|Any CPU.ActiveCfg = Debug|Any CPU
		{3ED3A0E6-B27C-4547-AE5C-EB647B1BC311}.Debug|Any CPU.Build.0 = Debug|Any CPU
		{3ED3A0E6-B27C-4547-AE5C-EB647B1BC311}.Release|Any CPU.ActiveCfg = Release|Any CPU
		{3ED3A0E6-B27C-4547-AE5C-EB647B1BC311}.Release|Any CPU.Build.0 = Release|Any CPU
	EndGlobalSection
	GlobalSection(SolutionProperties) = preSolution
		HideSolutionNode = FALSE
	EndGlobalSection
	GlobalSection(ExtensibilityGlobals) = postSolution
		SolutionGuid = {29F60CEC-F3D3-4F44-8654-55B266C5A29B}
	EndGlobalSection
EndGlobal
